
Microsoft Visual Studio Solution File, Format Version 12.00
# Visual Studio Version 17
VisualStudioVersion = 17.3.32819.101
MinimumVisualStudioVersion = 10.0.40219.1
Project("{FAE04EC0-301F-11D3-BF4B-00C04F79EFBC}") = "Busmatick", "WebApplication1\Busmatick.csproj", "{AC4800DE-7983-4FD0-A804-ECDBB636970B}"
EndProject
Global
	GlobalSection(SolutionConfigurationPlatforms) = preSolution
		Debug|Any CPU = Debug|Any CPU
		Release|Any CPU = Release|Any CPU
	EndGlobalSection
	GlobalSection(ProjectConfigurationPlatforms) = postSolution
		{AC4800DE-7983-4FD0-A804-ECDBB636970B}.Debug|Any CPU.ActiveCfg = Debug|Any CPU
		{AC4800DE-7983-4FD0-A804-ECDBB636970B}.Debug|Any CPU.Build.0 = Debug|Any CPU
		{AC4800DE-7983-4FD0-A804-ECDBB636970B}.Release|Any CPU.ActiveCfg = Release|Any CPU
		{AC4800DE-7983-4FD0-A804-ECDBB636970B}.Release|Any CPU.Build.0 = Release|Any CPU
	EndGlobalSection
	GlobalSection(SolutionProperties) = preSolution
		HideSolutionNode = FALSE
	EndGlobalSection
	GlobalSection(ExtensibilityGlobals) = postSolution
		SolutionGuid = {0F08E55C-3BE6-420F-A820-82239AF86E10}
	EndGlobalSection
EndGlobal
