
Microsoft Visual Studio Solution File, Format Version 12.00
# Visual Studio Version 17
VisualStudioVersion = 17.3.32825.248
MinimumVisualStudioVersion = 10.0.40219.1
Project("{FAE04EC0-301F-11D3-BF4B-00C04F79EFBC}") = "App2.Android", "App2\App2.Android\App2.Android.csproj", "{EAD12C87-AFB9-432F-BEFA-AEA0D105103C}"
EndProject
Project("{FAE04EC0-301F-11D3-BF4B-00C04F79EFBC}") = "App2.iOS", "App2\App2.iOS\App2.iOS.csproj", "{887601C4-47A7-40FB-B8DC-EDEA88AFED27}"
EndProject
Project("{FAE04EC0-301F-11D3-BF4B-00C04F79EFBC}") = "App2", "App2\App2\App2.csproj", "{4A3BF6CF-A8EC-4F01-AF64-0C702CCB53E4}"
EndProject
Global
	GlobalSection(SolutionConfigurationPlatforms) = preSolution
		Debug|Any CPU = Debug|Any CPU
		Debug|iPhone = Debug|iPhone
		Debug|iPhoneSimulator = Debug|iPhoneSimulator
		Release|Any CPU = Release|Any CPU
		Release|iPhone = Release|iPhone
		Release|iPhoneSimulator = Release|iPhoneSimulator
	EndGlobalSection
	GlobalSection(ProjectConfigurationPlatforms) = postSolution
		{EAD12C87-AFB9-432F-BEFA-AEA0D105103C}.Debug|Any CPU.ActiveCfg = Debug|Any CPU
		{EAD12C87-AFB9-432F-BEFA-AEA0D105103C}.Debug|Any CPU.Build.0 = Debug|Any CPU
		{EAD12C87-AFB9-432F-BEFA-AEA0D105103C}.Debug|Any CPU.Deploy.0 = Debug|Any CPU
		{EAD12C87-AFB9-432F-BEFA-AEA0D105103C}.Debug|iPhone.ActiveCfg = Debug|Any CPU
		{EAD12C87-AFB9-432F-BEFA-AEA0D105103C}.Debug|iPhone.Build.0 = Debug|Any CPU
		{EAD12C87-AFB9-432F-BEFA-AEA0D105103C}.Debug|iPhone.Deploy.0 = Debug|Any CPU
		{EAD12C87-AFB9-432F-BEFA-AEA0D105103C}.Debug|iPhoneSimulator.ActiveCfg = Debug|Any CPU
		{EAD12C87-AFB9-432F-BEFA-AEA0D105103C}.Debug|iPhoneSimulator.Build.0 = Debug|Any CPU
		{EAD12C87-AFB9-432F-BEFA-AEA0D105103C}.Debug|iPhoneSimulator.Deploy.0 = Debug|Any CPU
		{EAD12C87-AFB9-432F-BEFA-AEA0D105103C}.Release|Any CPU.ActiveCfg = Release|Any CPU
		{EAD12C87-AFB9-432F-BEFA-AEA0D105103C}.Release|Any CPU.Build.0 = Release|Any CPU
		{EAD12C87-AFB9-432F-BEFA-AEA0D105103C}.Release|Any CPU.Deploy.0 = Release|Any CPU
		{EAD12C87-AFB9-432F-BEFA-AEA0D105103C}.Release|iPhone.ActiveCfg = Release|Any CPU
		{EAD12C87-AFB9-432F-BEFA-AEA0D105103C}.Release|iPhone.Build.0 = Release|Any CPU
		{EAD12C87-AFB9-432F-BEFA-AEA0D105103C}.Release|iPhone.Deploy.0 = Release|Any CPU
		{EAD12C87-AFB9-432F-BEFA-AEA0D105103C}.Release|iPhoneSimulator.ActiveCfg = Release|Any CPU
		{EAD12C87-AFB9-432F-BEFA-AEA0D105103C}.Release|iPhoneSimulator.Build.0 = Release|Any CPU
		{EAD12C87-AFB9-432F-BEFA-AEA0D105103C}.Release|iPhoneSimulator.Deploy.0 = Release|Any CPU
		{887601C4-47A7-40FB-B8DC-EDEA88AFED27}.Debug|Any CPU.ActiveCfg = Debug|iPhone
		{887601C4-47A7-40FB-B8DC-EDEA88AFED27}.Debug|Any CPU.Build.0 = Debug|iPhone
		{887601C4-47A7-40FB-B8DC-EDEA88AFED27}.Debug|Any CPU.Deploy.0 = Debug|iPhone
		{887601C4-47A7-40FB-B8DC-EDEA88AFED27}.Debug|iPhone.ActiveCfg = Debug|iPhone
		{887601C4-47A7-40FB-B8DC-EDEA88AFED27}.Debug|iPhone.Build.0 = Debug|iPhone
		{887601C4-47A7-40FB-B8DC-EDEA88AFED27}.Debug|iPhone.Deploy.0 = Debug|iPhone
		{887601C4-47A7-40FB-B8DC-EDEA88AFED27}.Debug|iPhoneSimulator.ActiveCfg = Debug|iPhoneSimulator
		{887601C4-47A7-40FB-B8DC-EDEA88AFED27}.Debug|iPhoneSimulator.Build.0 = Debug|iPhoneSimulator
		{887601C4-47A7-40FB-B8DC-EDEA88AFED27}.Debug|iPhoneSimulator.Deploy.0 = Debug|iPhoneSimulator
		{887601C4-47A7-40FB-B8DC-EDEA88AFED27}.Release|Any CPU.ActiveCfg = Release|iPhoneSimulator
		{887601C4-47A7-40FB-B8DC-EDEA88AFED27}.Release|Any CPU.Build.0 = Release|iPhoneSimulator
		{887601C4-47A7-40FB-B8DC-EDEA88AFED27}.Release|Any CPU.Deploy.0 = Release|iPhoneSimulator
		{887601C4-47A7-40FB-B8DC-EDEA88AFED27}.Release|iPhone.ActiveCfg = Release|iPhone
		{887601C4-47A7-40FB-B8DC-EDEA88AFED27}.Release|iPhone.Build.0 = Release|iPhone
		{887601C4-47A7-40FB-B8DC-EDEA88AFED27}.Release|iPhone.Deploy.0 = Release|iPhone
		{887601C4-47A7-40FB-B8DC-EDEA88AFED27}.Release|iPhoneSimulator.ActiveCfg = Release|iPhoneSimulator
		{887601C4-47A7-40FB-B8DC-EDEA88AFED27}.Release|iPhoneSimulator.Build.0 = Release|iPhoneSimulator
		{887601C4-47A7-40FB-B8DC-EDEA88AFED27}.Release|iPhoneSimulator.Deploy.0 = Release|iPhoneSimulator
		{4A3BF6CF-A8EC-4F01-AF64-0C702CCB53E4}.Debug|Any CPU.ActiveCfg = Debug|Any CPU
		{4A3BF6CF-A8EC-4F01-AF64-0C702CCB53E4}.Debug|Any CPU.Build.0 = Debug|Any CPU
		{4A3BF6CF-A8EC-4F01-AF64-0C702CCB53E4}.Debug|Any CPU.Deploy.0 = Debug|Any CPU
		{4A3BF6CF-A8EC-4F01-AF64-0C702CCB53E4}.Debug|iPhone.ActiveCfg = Debug|Any CPU
		{4A3BF6CF-A8EC-4F01-AF64-0C702CCB53E4}.Debug|iPhone.Build.0 = Debug|Any CPU
		{4A3BF6CF-A8EC-4F01-AF64-0C702CCB53E4}.Debug|iPhone.Deploy.0 = Debug|Any CPU
		{4A3BF6CF-A8EC-4F01-AF64-0C702CCB53E4}.Debug|iPhoneSimulator.ActiveCfg = Debug|Any CPU
		{4A3BF6CF-A8EC-4F01-AF64-0C702CCB53E4}.Debug|iPhoneSimulator.Build.0 = Debug|Any CPU
		{4A3BF6CF-A8EC-4F01-AF64-0C702CCB53E4}.Debug|iPhoneSimulator.Deploy.0 = Debug|Any CPU
		{4A3BF6CF-A8EC-4F01-AF64-0C702CCB53E4}.Release|Any CPU.ActiveCfg = Release|Any CPU
		{4A3BF6CF-A8EC-4F01-AF64-0C702CCB53E4}.Release|Any CPU.Build.0 = Release|Any CPU
		{4A3BF6CF-A8EC-4F01-AF64-0C702CCB53E4}.Release|Any CPU.Deploy.0 = Release|Any CPU
		{4A3BF6CF-A8EC-4F01-AF64-0C702CCB53E4}.Release|iPhone.ActiveCfg = Release|Any CPU
		{4A3BF6CF-A8EC-4F01-AF64-0C702CCB53E4}.Release|iPhone.Build.0 = Release|Any CPU
		{4A3BF6CF-A8EC-4F01-AF64-0C702CCB53E4}.Release|iPhone.Deploy.0 = Release|Any CPU
		{4A3BF6CF-A8EC-4F01-AF64-0C702CCB53E4}.Release|iPhoneSimulator.ActiveCfg = Release|Any CPU
		{4A3BF6CF-A8EC-4F01-AF64-0C702CCB53E4}.Release|iPhoneSimulator.Build.0 = Release|Any CPU
		{4A3BF6CF-A8EC-4F01-AF64-0C702CCB53E4}.Release|iPhoneSimulator.Deploy.0 = Release|Any CPU
	EndGlobalSection
	GlobalSection(SolutionProperties) = preSolution
		HideSolutionNode = FALSE
	EndGlobalSection
	GlobalSection(ExtensibilityGlobals) = postSolution
		SolutionGuid = {93500F3E-C7A4-4A8F-AA31-A5FBAFE4EF9F}
	EndGlobalSection
EndGlobal
